
Microsoft Visual Studio Solution File, Format Version 12.00
# Visual Studio 15
VisualStudioVersion = 15.0.27428.2027
MinimumVisualStudioVersion = 10.0.40219.1
Project("{FAE04EC0-301F-11D3-BF4B-00C04F79EFBC}") = "SQLiteServerPerformance", "SQLiteServerPerformance\SQLiteServerPerformance.csproj", "{2954B257-94F1-479D-8D74-4633D2EC2086}"
EndProject
Project("{FAE04EC0-301F-11D3-BF4B-00C04F79EFBC}") = "SQLiteServer", "..\src\SQLiteServer\SQLiteServer.csproj", "{37FC701A-840C-4B5A-BEAD-996567EAA5BA}"
EndProject
Global
	GlobalSection(SolutionConfigurationPlatforms) = preSolution
		Debug|Any CPU = Debug|Any CPU
		Release|Any CPU = Release|Any CPU
	EndGlobalSection
	GlobalSection(ProjectConfigurationPlatforms) = postSolution
		{2954B257-94F1-479D-8D74-4633D2EC2086}.Debug|Any CPU.ActiveCfg = Debug|Any CPU
		{2954B257-94F1-479D-8D74-4633D2EC2086}.Debug|Any CPU.Build.0 = Debug|Any CPU
		{2954B257-94F1-479D-8D74-4633D2EC2086}.Release|Any CPU.ActiveCfg = Release|Any CPU
		{2954B257-94F1-479D-8D74-4633D2EC2086}.Release|Any CPU.Build.0 = Release|Any CPU
		{37FC701A-840C-4B5A-BEAD-996567EAA5BA}.Debug|Any CPU.ActiveCfg = Debug|Any CPU
		{37FC701A-840C-4B5A-BEAD-996567EAA5BA}.Debug|Any CPU.Build.0 = Debug|Any CPU
		{37FC701A-840C-4B5A-BEAD-996567EAA5BA}.Release|Any CPU.ActiveCfg = Release|Any CPU
		{37FC701A-840C-4B5A-BEAD-996567EAA5BA}.Release|Any CPU.Build.0 = Release|Any CPU
	EndGlobalSection
	GlobalSection(SolutionProperties) = preSolution
		HideSolutionNode = FALSE
	EndGlobalSection
	GlobalSection(ExtensibilityGlobals) = postSolution
		SolutionGuid = {06D9AEB7-49FF-4AA7-B0E1-6AE08F85E0E8}
	EndGlobalSection
EndGlobal
